
Microsoft Visual Studio Solution File, Format Version 12.00
# Visual Studio Version 16
VisualStudioVersion = 16.0.30120.7
MinimumVisualStudioVersion = 10.0.40219.1
Project("{FAE04EC0-301F-11D3-BF4B-00C04F79EFBC}") = "Scheduling", "Scheduling\Scheduling.csproj", "{D842A178-8C71-4C4C-8627-3EA96D08F79F}"
EndProject
Global
	GlobalSection(SolutionConfigurationPlatforms) = preSolution
		Debug|Any CPU = Debug|Any CPU
		Release|Any CPU = Release|Any CPU
	EndGlobalSection
	GlobalSection(ProjectConfigurationPlatforms) = postSolution
		{D842A178-8C71-4C4C-8627-3EA96D08F79F}.Debug|Any CPU.ActiveCfg = Debug|Any CPU
		{D842A178-8C71-4C4C-8627-3EA96D08F79F}.Debug|Any CPU.Build.0 = Debug|Any CPU
		{D842A178-8C71-4C4C-8627-3EA96D08F79F}.Release|Any CPU.ActiveCfg = Release|Any CPU
		{D842A178-8C71-4C4C-8627-3EA96D08F79F}.Release|Any CPU.Build.0 = Release|Any CPU
	EndGlobalSection
	GlobalSection(SolutionProperties) = preSolution
		HideSolutionNode = FALSE
	EndGlobalSection
	GlobalSection(ExtensibilityGlobals) = postSolution
		SolutionGuid = {4A0985E4-A115-498E-A1E2-A4F4EEA9C78C}
	EndGlobalSection
EndGlobal
